// !$*UTF8*$!
{
	archiveVersion = 1;
	classes = {
	};
	objectVersion = 46;
	objects = {

/* Begin PBXBuildFile section */
		0001FA0C18D7BAF900968F11 /* haarcascade_frontalface_default.xml in Resources */ = {isa = PBXBuildFile; fileRef = 0001FA0B18D7BAF900968F11 /* haarcascade_frontalface_default.xml */; };
		0001FA1018D7E9BA00968F11 /* haarcascade_frontalface_alt.xml in Resources */ = {isa = PBXBuildFile; fileRef = 0001FA0F18D7E9BA00968F11 /* haarcascade_frontalface_alt.xml */; };
		0001FA1318DBBCBB00968F11 /* Overlay-Face.png in Resources */ = {isa = PBXBuildFile; fileRef = 0001FA1118DBBCBB00968F11 /* Overlay-Face.png */; };
		0001FA1418DBBCBB00968F11 /* Overlay-NoFace.png in Resources */ = {isa = PBXBuildFile; fileRef = 0001FA1218DBBCBB00968F11 /* Overlay-NoFace.png */; };
		001689AF18EDC68F005A8DB9 /* SingleScanVC.mm in Sources */ = {isa = PBXBuildFile; fileRef = 001689AE18EDC68F005A8DB9 /* SingleScanVC.mm */; };
		001689B218EDFC04005A8DB9 /* UploadDataVC.m in Sources */ = {isa = PBXBuildFile; fileRef = 001689B118EDFC04005A8DB9 /* UploadDataVC.m */; };
		001689B518EE6046005A8DB9 /* LoginVC.m in Sources */ = {isa = PBXBuildFile; fileRef = 001689B418EE6046005A8DB9 /* LoginVC.m */; };
		002DB1AF18C91E0200210BBF /* Accelerate.framework in Frameworks */ = {isa = PBXBuildFile; fileRef = 002DB1A918C91E0200210BBF /* Accelerate.framework */; };
		002DB1B018C91E0200210BBF /* AssetsLibrary.framework in Frameworks */ = {isa = PBXBuildFile; fileRef = 002DB1AA18C91E0200210BBF /* AssetsLibrary.framework */; };
		002DB1B118C91E0200210BBF /* CoreImage.framework in Frameworks */ = {isa = PBXBuildFile; fileRef = 002DB1AB18C91E0200210BBF /* CoreImage.framework */; };
		002DB1B218C91E0200210BBF /* CoreMedia.framework in Frameworks */ = {isa = PBXBuildFile; fileRef = 002DB1AC18C91E0200210BBF /* CoreMedia.framework */; };
		002DB1B318C91E0200210BBF /* CoreVideo.framework in Frameworks */ = {isa = PBXBuildFile; fileRef = 002DB1AD18C91E0200210BBF /* CoreVideo.framework */; };
		002DB1B418C91E0200210BBF /* QuartzCore.framework in Frameworks */ = {isa = PBXBuildFile; fileRef = 002DB1AE18C91E0200210BBF /* QuartzCore.framework */; };
		008D303A18E74AFA008BC864 /* SelectModuleTVC.m in Sources */ = {isa = PBXBuildFile; fileRef = 008D303818E74AFA008BC864 /* SelectModuleTVC.m */; };
		008D303D18EC65F6008BC864 /* SelectModuleTVC.xib in Resources */ = {isa = PBXBuildFile; fileRef = 008D303C18EC65F6008BC864 /* SelectModuleTVC.xib */; };
		008D304018ECDF0F008BC864 /* MonitorOptionsVC.m in Sources */ = {isa = PBXBuildFile; fileRef = 008D303F18ECDF0F008BC864 /* MonitorOptionsVC.m */; };
		008D304318ED2F4B008BC864 /* ModuleStudentListTVC.m in Sources */ = {isa = PBXBuildFile; fileRef = 008D304218ED2F4B008BC864 /* ModuleStudentListTVC.m */; };
		008F581C18A3E1B90012370C /* Foundation.framework in Frameworks */ = {isa = PBXBuildFile; fileRef = 008F581B18A3E1B90012370C /* Foundation.framework */; };
		008F581E18A3E1B90012370C /* CoreGraphics.framework in Frameworks */ = {isa = PBXBuildFile; fileRef = 008F581D18A3E1B90012370C /* CoreGraphics.framework */; };
		008F582018A3E1B90012370C /* UIKit.framework in Frameworks */ = {isa = PBXBuildFile; fileRef = 008F581F18A3E1B90012370C /* UIKit.framework */; };
		008F582618A3E1B90012370C /* InfoPlist.strings in Resources */ = {isa = PBXBuildFile; fileRef = 008F582418A3E1B90012370C /* InfoPlist.strings */; };
		008F582818A3E1B90012370C /* main.m in Sources */ = {isa = PBXBuildFile; fileRef = 008F582718A3E1B90012370C /* main.m */; };
		008F582C18A3E1B90012370C /* AppDelegate.m in Sources */ = {isa = PBXBuildFile; fileRef = 008F582B18A3E1B90012370C /* AppDelegate.m */; };
		008F582F18A3E1B90012370C /* Main.storyboard in Resources */ = {isa = PBXBuildFile; fileRef = 008F582D18A3E1B90012370C /* Main.storyboard */; };
		008F583218A3E1B90012370C /* AddStudentVC.mm in Sources */ = {isa = PBXBuildFile; fileRef = 008F583118A3E1B90012370C /* AddStudentVC.mm */; };
		008F583518A3E1B90012370C /* TaughtModuleTVC.m in Sources */ = {isa = PBXBuildFile; fileRef = 008F583418A3E1B90012370C /* TaughtModuleTVC.m */; };
		008F583718A3E1B90012370C /* Images.xcassets in Resources */ = {isa = PBXBuildFile; fileRef = 008F583618A3E1B90012370C /* Images.xcassets */; };
		008F583F18A3E1B90012370C /* Foundation.framework in Frameworks */ = {isa = PBXBuildFile; fileRef = 008F581B18A3E1B90012370C /* Foundation.framework */; };
		008F584018A3E1B90012370C /* UIKit.framework in Frameworks */ = {isa = PBXBuildFile; fileRef = 008F581F18A3E1B90012370C /* UIKit.framework */; };
		008F584818A3E1B90012370C /* InfoPlist.strings in Resources */ = {isa = PBXBuildFile; fileRef = 008F584618A3E1B90012370C /* InfoPlist.strings */; };
		008F584A18A3E1B90012370C /* Attendance_MonitorTests.m in Sources */ = {isa = PBXBuildFile; fileRef = 008F584918A3E1B90012370C /* Attendance_MonitorTests.m */; };
		008F585418A3E3BE0012370C /* README.md in Resources */ = {isa = PBXBuildFile; fileRef = 008F585318A3E3BE0012370C /* README.md */; };
		00AD62DF18A92D1900DF72F0 /* opencv2.framework in Frameworks */ = {isa = PBXBuildFile; fileRef = 00AD62DE18A92D1900DF72F0 /* opencv2.framework */; };
		00AD62ED18AA7A2700DF72F0 /* add.png in Resources */ = {isa = PBXBuildFile; fileRef = 00AD62E918AA7A2700DF72F0 /* add.png */; };
		00AD62EE18AA7A2700DF72F0 /* add2x.png in Resources */ = {isa = PBXBuildFile; fileRef = 00AD62EA18AA7A2700DF72F0 /* add2x.png */; };
		00AD62EF18AA7A2700DF72F0 /* clock.png in Resources */ = {isa = PBXBuildFile; fileRef = 00AD62EB18AA7A2700DF72F0 /* clock.png */; };
		00AD62F018AA7A2700DF72F0 /* clock2x.png in Resources */ = {isa = PBXBuildFile; fileRef = 00AD62EC18AA7A2700DF72F0 /* clock2x.png */; };
		00AFDE3918DD11D100056D61 /* ScanVC.mm in Sources */ = {isa = PBXBuildFile; fileRef = 00AFDE3818DD11D100056D61 /* ScanVC.mm */; };
		00AFDE3C18DD250D00056D61 /* FaceAnalyser.mm in Sources */ = {isa = PBXBuildFile; fileRef = 00AFDE3B18DD250D00056D61 /* FaceAnalyser.mm */; };
		00CC121118E0DA500014099D /* StudentListTVC.mm in Sources */ = {isa = PBXBuildFile; fileRef = 00CC121018E0DA500014099D /* StudentListTVC.mm */; };
		00CC121418E0FBA40014099D /* EditStudentVC.m in Sources */ = {isa = PBXBuildFile; fileRef = 00CC121318E0FBA40014099D /* EditStudentVC.m */; };
		00CC121718E0FE2C0014099D /* people.png in Resources */ = {isa = PBXBuildFile; fileRef = 00CC121518E0FE2C0014099D /* people.png */; };
		00CC121818E0FE2C0014099D /* people2x.png in Resources */ = {isa = PBXBuildFile; fileRef = 00CC121618E0FE2C0014099D /* people2x.png */; };
		00CC124218E10B570014099D /* FUIAlertView.m in Sources */ = {isa = PBXBuildFile; fileRef = 00CC121D18E10B570014099D /* FUIAlertView.m */; };
		00CC124318E10B570014099D /* FUIButton.m in Sources */ = {isa = PBXBuildFile; fileRef = 00CC121F18E10B570014099D /* FUIButton.m */; };
		00CC124418E10B570014099D /* FUICellBackgroundView.m in Sources */ = {isa = PBXBuildFile; fileRef = 00CC122118E10B570014099D /* FUICellBackgroundView.m */; };
		00CC124518E10B570014099D /* FUIPopoverBackgroundView.m in Sources */ = {isa = PBXBuildFile; fileRef = 00CC122318E10B570014099D /* FUIPopoverBackgroundView.m */; };
		00CC124618E10B570014099D /* FUISegmentedControl.m in Sources */ = {isa = PBXBuildFile; fileRef = 00CC122518E10B570014099D /* FUISegmentedControl.m */; };
		00CC124718E10B570014099D /* FUISwitch.m in Sources */ = {isa = PBXBuildFile; fileRef = 00CC122718E10B570014099D /* FUISwitch.m */; };
		00CC124818E10B570014099D /* FUITextField.m in Sources */ = {isa = PBXBuildFile; fileRef = 00CC122918E10B570014099D /* FUITextField.m */; };
		00CC124918E10B570014099D /* UIBarButtonItem+FlatUI.m in Sources */ = {isa = PBXBuildFile; fileRef = 00CC122B18E10B570014099D /* UIBarButtonItem+FlatUI.m */; };
		00CC124A18E10B570014099D /* UIColor+FlatUI.m in Sources */ = {isa = PBXBuildFile; fileRef = 00CC122D18E10B570014099D /* UIColor+FlatUI.m */; };
		00CC124B18E10B570014099D /* UIFont+FlatUI.m in Sources */ = {isa = PBXBuildFile; fileRef = 00CC122F18E10B570014099D /* UIFont+FlatUI.m */; };
		00CC124C18E10B570014099D /* UIImage+FlatUI.m in Sources */ = {isa = PBXBuildFile; fileRef = 00CC123118E10B570014099D /* UIImage+FlatUI.m */; };
		00CC124D18E10B570014099D /* UINavigationBar+FlatUI.m in Sources */ = {isa = PBXBuildFile; fileRef = 00CC123318E10B570014099D /* UINavigationBar+FlatUI.m */; };
		00CC124E18E10B570014099D /* UIPopoverController+FlatUI.m in Sources */ = {isa = PBXBuildFile; fileRef = 00CC123518E10B570014099D /* UIPopoverController+FlatUI.m */; };
		00CC124F18E10B570014099D /* UIProgressView+FlatUI.m in Sources */ = {isa = PBXBuildFile; fileRef = 00CC123718E10B570014099D /* UIProgressView+FlatUI.m */; };
		00CC125018E10B570014099D /* UISlider+FlatUI.m in Sources */ = {isa = PBXBuildFile; fileRef = 00CC123918E10B570014099D /* UISlider+FlatUI.m */; };
		00CC125118E10B570014099D /* UIStepper+FlatUI.m in Sources */ = {isa = PBXBuildFile; fileRef = 00CC123B18E10B570014099D /* UIStepper+FlatUI.m */; };
		00CC125218E10B570014099D /* UITabBar+FlatUI.m in Sources */ = {isa = PBXBuildFile; fileRef = 00CC123D18E10B570014099D /* UITabBar+FlatUI.m */; };
		00CC125318E10B570014099D /* UITableViewCell+FlatUI.m in Sources */ = {isa = PBXBuildFile; fileRef = 00CC123F18E10B570014099D /* UITableViewCell+FlatUI.m */; };
		00CC125418E10B570014099D /* UIToolbar+FlatUI.m in Sources */ = {isa = PBXBuildFile; fileRef = 00CC124118E10B570014099D /* UIToolbar+FlatUI.m */; };
		00CC126018E10B930014099D /* Lato-Black.ttf in Resources */ = {isa = PBXBuildFile; fileRef = 00CC125618E10B930014099D /* Lato-Black.ttf */; };
		00CC126118E10B930014099D /* Lato-BlackItalic.ttf in Resources */ = {isa = PBXBuildFile; fileRef = 00CC125718E10B930014099D /* Lato-BlackItalic.ttf */; };
		00CC126218E10B930014099D /* Lato-Bold.ttf in Resources */ = {isa = PBXBuildFile; fileRef = 00CC125818E10B930014099D /* Lato-Bold.ttf */; };
		00CC126318E10B930014099D /* Lato-BoldItalic.ttf in Resources */ = {isa = PBXBuildFile; fileRef = 00CC125918E10B930014099D /* Lato-BoldItalic.ttf */; };
		00CC126418E10B930014099D /* Lato-Hairline.ttf in Resources */ = {isa = PBXBuildFile; fileRef = 00CC125A18E10B930014099D /* Lato-Hairline.ttf */; };
		00CC126518E10B930014099D /* Lato-HairlineItalic.ttf in Resources */ = {isa = PBXBuildFile; fileRef = 00CC125B18E10B930014099D /* Lato-HairlineItalic.ttf */; };
		00CC126618E10B930014099D /* Lato-Italic.ttf in Resources */ = {isa = PBXBuildFile; fileRef = 00CC125C18E10B930014099D /* Lato-Italic.ttf */; };
		00CC126718E10B930014099D /* Lato-Light.ttf in Resources */ = {isa = PBXBuildFile; fileRef = 00CC125D18E10B930014099D /* Lato-Light.ttf */; };
		00CC126818E10B930014099D /* Lato-LightItalic.ttf in Resources */ = {isa = PBXBuildFile; fileRef = 00CC125E18E10B930014099D /* Lato-LightItalic.ttf */; };
		00CC126918E10B930014099D /* Lato-Regular.ttf in Resources */ = {isa = PBXBuildFile; fileRef = 00CC125F18E10B930014099D /* Lato-Regular.ttf */; };
		00F01EEE18B1387400FD23DF /* libsqlite3.dylib in Frameworks */ = {isa = PBXBuildFile; fileRef = 00F01EED18B1387400FD23DF /* libsqlite3.dylib */; };
		00F8C3E218B9054800E01DB6 /* CaptureImagesVC.mm in Sources */ = {isa = PBXBuildFile; fileRef = 00F8C3E118B9054800E01DB6 /* CaptureImagesVC.mm */; };
		00F8C3E418B9129800E01DB6 /* AVFoundation.framework in Frameworks */ = {isa = PBXBuildFile; fileRef = 00F8C3E318B9129800E01DB6 /* AVFoundation.framework */; };
/* End PBXBuildFile section */

/* Begin PBXContainerItemProxy section */
		008F584118A3E1B90012370C /* PBXContainerItemProxy */ = {
			isa = PBXContainerItemProxy;
			containerPortal = 008F581018A3E1B90012370C /* Project object */;
			proxyType = 1;
			remoteGlobalIDString = 008F581718A3E1B90012370C;
			remoteInfo = "Attendance Monitor";
		};
/* End PBXContainerItemProxy section */

/* Begin PBXFileReference section */
		0001FA0B18D7BAF900968F11 /* haarcascade_frontalface_default.xml */ = {isa = PBXFileReference; fileEncoding = 4; lastKnownFileType = text.xml; path = haarcascade_frontalface_default.xml; sourceTree = "<group>"; };
		0001FA0F18D7E9BA00968F11 /* haarcascade_frontalface_alt.xml */ = {isa = PBXFileReference; fileEncoding = 4; lastKnownFileType = text.xml; path = haarcascade_frontalface_alt.xml; sourceTree = "<group>"; };
		0001FA1118DBBCBB00968F11 /* Overlay-Face.png */ = {isa = PBXFileReference; lastKnownFileType = image.png; name = "Overlay-Face.png"; path = "Attendance Monitor/Images/Overlay-Face.png"; sourceTree = "<group>"; };
		0001FA1218DBBCBB00968F11 /* Overlay-NoFace.png */ = {isa = PBXFileReference; lastKnownFileType = image.png; name = "Overlay-NoFace.png"; path = "Attendance Monitor/Images/Overlay-NoFace.png"; sourceTree = "<group>"; };
		001689AD18EDC68F005A8DB9 /* SingleScanVC.h */ = {isa = PBXFileReference; fileEncoding = 4; lastKnownFileType = sourcecode.c.h; path = SingleScanVC.h; sourceTree = "<group>"; };
		001689AE18EDC68F005A8DB9 /* SingleScanVC.mm */ = {isa = PBXFileReference; fileEncoding = 4; lastKnownFileType = sourcecode.cpp.objcpp; path = SingleScanVC.mm; sourceTree = "<group>"; };
		001689B018EDFC04005A8DB9 /* UploadDataVC.h */ = {isa = PBXFileReference; fileEncoding = 4; lastKnownFileType = sourcecode.c.h; path = UploadDataVC.h; sourceTree = "<group>"; };
		001689B118EDFC04005A8DB9 /* UploadDataVC.m */ = {isa = PBXFileReference; fileEncoding = 4; lastKnownFileType = sourcecode.c.objc; path = UploadDataVC.m; sourceTree = "<group>"; };
		001689B318EE6046005A8DB9 /* LoginVC.h */ = {isa = PBXFileReference; fileEncoding = 4; lastKnownFileType = sourcecode.c.h; path = LoginVC.h; sourceTree = "<group>"; };
		001689B418EE6046005A8DB9 /* LoginVC.m */ = {isa = PBXFileReference; fileEncoding = 4; lastKnownFileType = sourcecode.c.objc; path = LoginVC.m; sourceTree = "<group>"; };
		002DB1A918C91E0200210BBF /* Accelerate.framework */ = {isa = PBXFileReference; lastKnownFileType = wrapper.framework; name = Accelerate.framework; path = System/Library/Frameworks/Accelerate.framework; sourceTree = SDKROOT; };
		002DB1AA18C91E0200210BBF /* AssetsLibrary.framework */ = {isa = PBXFileReference; lastKnownFileType = wrapper.framework; name = AssetsLibrary.framework; path = System/Library/Frameworks/AssetsLibrary.framework; sourceTree = SDKROOT; };
		002DB1AB18C91E0200210BBF /* CoreImage.framework */ = {isa = PBXFileReference; lastKnownFileType = wrapper.framework; name = CoreImage.framework; path = System/Library/Frameworks/CoreImage.framework; sourceTree = SDKROOT; };
		002DB1AC18C91E0200210BBF /* CoreMedia.framework */ = {isa = PBXFileReference; lastKnownFileType = wrapper.framework; name = CoreMedia.framework; path = System/Library/Frameworks/CoreMedia.framework; sourceTree = SDKROOT; };
		002DB1AD18C91E0200210BBF /* CoreVideo.framework */ = {isa = PBXFileReference; lastKnownFileType = wrapper.framework; name = CoreVideo.framework; path = System/Library/Frameworks/CoreVideo.framework; sourceTree = SDKROOT; };
		002DB1AE18C91E0200210BBF /* QuartzCore.framework */ = {isa = PBXFileReference; lastKnownFileType = wrapper.framework; name = QuartzCore.framework; path = System/Library/Frameworks/QuartzCore.framework; sourceTree = SDKROOT; };
		008D303718E74AFA008BC864 /* SelectModuleTVC.h */ = {isa = PBXFileReference; fileEncoding = 4; lastKnownFileType = sourcecode.c.h; path = SelectModuleTVC.h; sourceTree = "<group>"; };
		008D303818E74AFA008BC864 /* SelectModuleTVC.m */ = {isa = PBXFileReference; fileEncoding = 4; lastKnownFileType = sourcecode.c.objc; path = SelectModuleTVC.m; sourceTree = "<group>"; };
		008D303C18EC65F6008BC864 /* SelectModuleTVC.xib */ = {isa = PBXFileReference; fileEncoding = 4; lastKnownFileType = file.xib; path = SelectModuleTVC.xib; sourceTree = "<group>"; };
		008D303E18ECDF0F008BC864 /* MonitorOptionsVC.h */ = {isa = PBXFileReference; fileEncoding = 4; lastKnownFileType = sourcecode.c.h; path = MonitorOptionsVC.h; sourceTree = "<group>"; };
		008D303F18ECDF0F008BC864 /* MonitorOptionsVC.m */ = {isa = PBXFileReference; fileEncoding = 4; lastKnownFileType = sourcecode.c.objc; path = MonitorOptionsVC.m; sourceTree = "<group>"; };
		008D304118ED2F4B008BC864 /* ModuleStudentListTVC.h */ = {isa = PBXFileReference; fileEncoding = 4; lastKnownFileType = sourcecode.c.h; path = ModuleStudentListTVC.h; sourceTree = "<group>"; };
		008D304218ED2F4B008BC864 /* ModuleStudentListTVC.m */ = {isa = PBXFileReference; fileEncoding = 4; lastKnownFileType = sourcecode.c.objc; path = ModuleStudentListTVC.m; sourceTree = "<group>"; };
		008F581818A3E1B90012370C /* Attendance Monitor.app */ = {isa = PBXFileReference; explicitFileType = wrapper.application; includeInIndex = 0; path = "Attendance Monitor.app"; sourceTree = BUILT_PRODUCTS_DIR; };
		008F581B18A3E1B90012370C /* Foundation.framework */ = {isa = PBXFileReference; lastKnownFileType = wrapper.framework; name = Foundation.framework; path = System/Library/Frameworks/Foundation.framework; sourceTree = SDKROOT; };
		008F581D18A3E1B90012370C /* CoreGraphics.framework */ = {isa = PBXFileReference; lastKnownFileType = wrapper.framework; name = CoreGraphics.framework; path = System/Library/Frameworks/CoreGraphics.framework; sourceTree = SDKROOT; };
		008F581F18A3E1B90012370C /* UIKit.framework */ = {isa = PBXFileReference; lastKnownFileType = wrapper.framework; name = UIKit.framework; path = System/Library/Frameworks/UIKit.framework; sourceTree = SDKROOT; };
		008F582318A3E1B90012370C /* Attendance Monitor-Info.plist */ = {isa = PBXFileReference; lastKnownFileType = text.plist.xml; path = "Attendance Monitor-Info.plist"; sourceTree = "<group>"; };
		008F582518A3E1B90012370C /* en */ = {isa = PBXFileReference; lastKnownFileType = text.plist.strings; name = en; path = en.lproj/InfoPlist.strings; sourceTree = "<group>"; };
		008F582718A3E1B90012370C /* main.m */ = {isa = PBXFileReference; lastKnownFileType = sourcecode.c.objc; path = main.m; sourceTree = "<group>"; };
		008F582918A3E1B90012370C /* Attendance Monitor-Prefix.pch */ = {isa = PBXFileReference; lastKnownFileType = sourcecode.c.h; path = "Attendance Monitor-Prefix.pch"; sourceTree = "<group>"; };
		008F582A18A3E1B90012370C /* AppDelegate.h */ = {isa = PBXFileReference; lastKnownFileType = sourcecode.c.h; path = AppDelegate.h; sourceTree = "<group>"; };
		008F582B18A3E1B90012370C /* AppDelegate.m */ = {isa = PBXFileReference; lastKnownFileType = sourcecode.c.objc; path = AppDelegate.m; sourceTree = "<group>"; };
		008F582E18A3E1B90012370C /* Base */ = {isa = PBXFileReference; lastKnownFileType = file.storyboard; name = Base; path = Base.lproj/Main.storyboard; sourceTree = "<group>"; };
		008F583018A3E1B90012370C /* AddStudentVC.h */ = {isa = PBXFileReference; lastKnownFileType = sourcecode.c.h; path = AddStudentVC.h; sourceTree = "<group>"; };
		008F583118A3E1B90012370C /* AddStudentVC.mm */ = {isa = PBXFileReference; lastKnownFileType = sourcecode.cpp.objcpp; path = AddStudentVC.mm; sourceTree = "<group>"; };
		008F583318A3E1B90012370C /* TaughtModuleTVC.h */ = {isa = PBXFileReference; lastKnownFileType = sourcecode.c.h; path = TaughtModuleTVC.h; sourceTree = "<group>"; };
		008F583418A3E1B90012370C /* TaughtModuleTVC.m */ = {isa = PBXFileReference; lastKnownFileType = sourcecode.c.objc; path = TaughtModuleTVC.m; sourceTree = "<group>"; };
		008F583618A3E1B90012370C /* Images.xcassets */ = {isa = PBXFileReference; lastKnownFileType = folder.assetcatalog; path = Images.xcassets; sourceTree = "<group>"; };
		008F583C18A3E1B90012370C /* Attendance MonitorTests.xctest */ = {isa = PBXFileReference; explicitFileType = wrapper.cfbundle; includeInIndex = 0; path = "Attendance MonitorTests.xctest"; sourceTree = BUILT_PRODUCTS_DIR; };
		008F584518A3E1B90012370C /* Attendance MonitorTests-Info.plist */ = {isa = PBXFileReference; lastKnownFileType = text.plist.xml; path = "Attendance MonitorTests-Info.plist"; sourceTree = "<group>"; };
		008F584718A3E1B90012370C /* en */ = {isa = PBXFileReference; lastKnownFileType = text.plist.strings; name = en; path = en.lproj/InfoPlist.strings; sourceTree = "<group>"; };
		008F584918A3E1B90012370C /* Attendance_MonitorTests.m */ = {isa = PBXFileReference; lastKnownFileType = sourcecode.c.objc; path = Attendance_MonitorTests.m; sourceTree = "<group>"; };
		008F585318A3E3BE0012370C /* README.md */ = {isa = PBXFileReference; fileEncoding = 4; lastKnownFileType = text; path = README.md; sourceTree = "<group>"; };
		00AD62DE18A92D1900DF72F0 /* opencv2.framework */ = {isa = PBXFileReference; lastKnownFileType = wrapper.framework; name = opencv2.framework; path = "Attendance Monitor/Frameworks/opencv2.framework"; sourceTree = "<group>"; };
		00AD62E918AA7A2700DF72F0 /* add.png */ = {isa = PBXFileReference; lastKnownFileType = image.png; name = add.png; path = "Attendance Monitor/Images/add.png"; sourceTree = "<group>"; };
		00AD62EA18AA7A2700DF72F0 /* add2x.png */ = {isa = PBXFileReference; lastKnownFileType = image.png; name = add2x.png; path = "Attendance Monitor/Images/add2x.png"; sourceTree = "<group>"; };
		00AD62EB18AA7A2700DF72F0 /* clock.png */ = {isa = PBXFileReference; lastKnownFileType = image.png; name = clock.png; path = "Attendance Monitor/Images/clock.png"; sourceTree = "<group>"; };
		00AD62EC18AA7A2700DF72F0 /* clock2x.png */ = {isa = PBXFileReference; lastKnownFileType = image.png; name = clock2x.png; path = "Attendance Monitor/Images/clock2x.png"; sourceTree = "<group>"; };
		00AFDE3718DD11D100056D61 /* ScanVC.h */ = {isa = PBXFileReference; fileEncoding = 4; lastKnownFileType = sourcecode.c.h; path = ScanVC.h; sourceTree = "<group>"; };
		00AFDE3818DD11D100056D61 /* ScanVC.mm */ = {isa = PBXFileReference; fileEncoding = 4; lastKnownFileType = sourcecode.cpp.objcpp; path = ScanVC.mm; sourceTree = "<group>"; };
		00AFDE3A18DD250D00056D61 /* FaceAnalyser.hh */ = {isa = PBXFileReference; fileEncoding = 4; lastKnownFileType = sourcecode.cpp.h; path = FaceAnalyser.hh; sourceTree = "<group>"; };
		00AFDE3B18DD250D00056D61 /* FaceAnalyser.mm */ = {isa = PBXFileReference; fileEncoding = 4; lastKnownFileType = sourcecode.cpp.objcpp; path = FaceAnalyser.mm; sourceTree = "<group>"; };
		00CC120F18E0DA500014099D /* StudentListTVC.h */ = {isa = PBXFileReference; fileEncoding = 4; lastKnownFileType = sourcecode.c.h; path = StudentListTVC.h; sourceTree = "<group>"; };
		00CC121018E0DA500014099D /* StudentListTVC.mm */ = {isa = PBXFileReference; fileEncoding = 4; lastKnownFileType = sourcecode.cpp.objcpp; path = StudentListTVC.mm; sourceTree = "<group>"; };
		00CC121218E0FBA40014099D /* EditStudentVC.h */ = {isa = PBXFileReference; fileEncoding = 4; lastKnownFileType = sourcecode.c.h; path = EditStudentVC.h; sourceTree = "<group>"; };
		00CC121318E0FBA40014099D /* EditStudentVC.m */ = {isa = PBXFileReference; fileEncoding = 4; lastKnownFileType = sourcecode.c.objc; path = EditStudentVC.m; sourceTree = "<group>"; };
		00CC121518E0FE2C0014099D /* people.png */ = {isa = PBXFileReference; lastKnownFileType = image.png; name = people.png; path = "Attendance Monitor/Images/people.png"; sourceTree = "<group>"; };
		00CC121618E0FE2C0014099D /* people2x.png */ = {isa = PBXFileReference; lastKnownFileType = image.png; name = people2x.png; path = "Attendance Monitor/Images/people2x.png"; sourceTree = "<group>"; };
		00CC121B18E10B570014099D /* FlatUIKit.h */ = {isa = PBXFileReference; fileEncoding = 4; lastKnownFileType = sourcecode.c.h; name = FlatUIKit.h; path = FlatUIKit/Classes/ios/FlatUIKit.h; sourceTree = "<group>"; };
		00CC121C18E10B570014099D /* FUIAlertView.h */ = {isa = PBXFileReference; fileEncoding = 4; lastKnownFileType = sourcecode.c.h; name = FUIAlertView.h; path = FlatUIKit/Classes/ios/FUIAlertView.h; sourceTree = "<group>"; };
		00CC121D18E10B570014099D /* FUIAlertView.m */ = {isa = PBXFileReference; fileEncoding = 4; lastKnownFileType = sourcecode.c.objc; name = FUIAlertView.m; path = FlatUIKit/Classes/ios/FUIAlertView.m; sourceTree = "<group>"; };
		00CC121E18E10B570014099D /* FUIButton.h */ = {isa = PBXFileReference; fileEncoding = 4; lastKnownFileType = sourcecode.c.h; name = FUIButton.h; path = FlatUIKit/Classes/ios/FUIButton.h; sourceTree = "<group>"; };
		00CC121F18E10B570014099D /* FUIButton.m */ = {isa = PBXFileReference; fileEncoding = 4; lastKnownFileType = sourcecode.c.objc; name = FUIButton.m; path = FlatUIKit/Classes/ios/FUIButton.m; sourceTree = "<group>"; };
		00CC122018E10B570014099D /* FUICellBackgroundView.h */ = {isa = PBXFileReference; fileEncoding = 4; lastKnownFileType = sourcecode.c.h; name = FUICellBackgroundView.h; path = FlatUIKit/Classes/ios/FUICellBackgroundView.h; sourceTree = "<group>"; };
		00CC122118E10B570014099D /* FUICellBackgroundView.m */ = {isa = PBXFileReference; fileEncoding = 4; lastKnownFileType = sourcecode.c.objc; name = FUICellBackgroundView.m; path = FlatUIKit/Classes/ios/FUICellBackgroundView.m; sourceTree = "<group>"; };
		00CC122218E10B570014099D /* FUIPopoverBackgroundView.h */ = {isa = PBXFileReference; fileEncoding = 4; lastKnownFileType = sourcecode.c.h; name = FUIPopoverBackgroundView.h; path = FlatUIKit/Classes/ios/FUIPopoverBackgroundView.h; sourceTree = "<group>"; };
		00CC122318E10B570014099D /* FUIPopoverBackgroundView.m */ = {isa = PBXFileReference; fileEncoding = 4; lastKnownFileType = sourcecode.c.objc; name = FUIPopoverBackgroundView.m; path = FlatUIKit/Classes/ios/FUIPopoverBackgroundView.m; sourceTree = "<group>"; };
		00CC122418E10B570014099D /* FUISegmentedControl.h */ = {isa = PBXFileReference; fileEncoding = 4; lastKnownFileType = sourcecode.c.h; name = FUISegmentedControl.h; path = FlatUIKit/Classes/ios/FUISegmentedControl.h; sourceTree = "<group>"; };
		00CC122518E10B570014099D /* FUISegmentedControl.m */ = {isa = PBXFileReference; fileEncoding = 4; lastKnownFileType = sourcecode.c.objc; name = FUISegmentedControl.m; path = FlatUIKit/Classes/ios/FUISegmentedControl.m; sourceTree = "<group>"; };
		00CC122618E10B570014099D /* FUISwitch.h */ = {isa = PBXFileReference; fileEncoding = 4; lastKnownFileType = sourcecode.c.h; name = FUISwitch.h; path = FlatUIKit/Classes/ios/FUISwitch.h; sourceTree = "<group>"; };
		00CC122718E10B570014099D /* FUISwitch.m */ = {isa = PBXFileReference; fileEncoding = 4; lastKnownFileType = sourcecode.c.objc; name = FUISwitch.m; path = FlatUIKit/Classes/ios/FUISwitch.m; sourceTree = "<group>"; };
		00CC122818E10B570014099D /* FUITextField.h */ = {isa = PBXFileReference; fileEncoding = 4; lastKnownFileType = sourcecode.c.h; name = FUITextField.h; path = FlatUIKit/Classes/ios/FUITextField.h; sourceTree = "<group>"; };
		00CC122918E10B570014099D /* FUITextField.m */ = {isa = PBXFileReference; fileEncoding = 4; lastKnownFileType = sourcecode.c.objc; name = FUITextField.m; path = FlatUIKit/Classes/ios/FUITextField.m; sourceTree = "<group>"; };
		00CC122A18E10B570014099D /* UIBarButtonItem+FlatUI.h */ = {isa = PBXFileReference; fileEncoding = 4; lastKnownFileType = sourcecode.c.h; name = "UIBarButtonItem+FlatUI.h"; path = "FlatUIKit/Classes/ios/UIBarButtonItem+FlatUI.h"; sourceTree = "<group>"; };
		00CC122B18E10B570014099D /* UIBarButtonItem+FlatUI.m */ = {isa = PBXFileReference; fileEncoding = 4; lastKnownFileType = sourcecode.c.objc; name = "UIBarButtonItem+FlatUI.m"; path = "FlatUIKit/Classes/ios/UIBarButtonItem+FlatUI.m"; sourceTree = "<group>"; };
		00CC122C18E10B570014099D /* UIColor+FlatUI.h */ = {isa = PBXFileReference; fileEncoding = 4; lastKnownFileType = sourcecode.c.h; name = "UIColor+FlatUI.h"; path = "FlatUIKit/Classes/ios/UIColor+FlatUI.h"; sourceTree = "<group>"; };
		00CC122D18E10B570014099D /* UIColor+FlatUI.m */ = {isa = PBXFileReference; fileEncoding = 4; lastKnownFileType = sourcecode.c.objc; name = "UIColor+FlatUI.m"; path = "FlatUIKit/Classes/ios/UIColor+FlatUI.m"; sourceTree = "<group>"; };
		00CC122E18E10B570014099D /* UIFont+FlatUI.h */ = {isa = PBXFileReference; fileEncoding = 4; lastKnownFileType = sourcecode.c.h; name = "UIFont+FlatUI.h"; path = "FlatUIKit/Classes/ios/UIFont+FlatUI.h"; sourceTree = "<group>"; };
		00CC122F18E10B570014099D /* UIFont+FlatUI.m */ = {isa = PBXFileReference; fileEncoding = 4; lastKnownFileType = sourcecode.c.objc; name = "UIFont+FlatUI.m"; path = "FlatUIKit/Classes/ios/UIFont+FlatUI.m"; sourceTree = "<group>"; };
		00CC123018E10B570014099D /* UIImage+FlatUI.h */ = {isa = PBXFileReference; fileEncoding = 4; lastKnownFileType = sourcecode.c.h; name = "UIImage+FlatUI.h"; path = "FlatUIKit/Classes/ios/UIImage+FlatUI.h"; sourceTree = "<group>"; };
		00CC123118E10B570014099D /* UIImage+FlatUI.m */ = {isa = PBXFileReference; fileEncoding = 4; lastKnownFileType = sourcecode.c.objc; name = "UIImage+FlatUI.m"; path = "FlatUIKit/Classes/ios/UIImage+FlatUI.m"; sourceTree = "<group>"; };
		00CC123218E10B570014099D /* UINavigationBar+FlatUI.h */ = {isa = PBXFileReference; fileEncoding = 4; lastKnownFileType = sourcecode.c.h; name = "UINavigationBar+FlatUI.h"; path = "FlatUIKit/Classes/ios/UINavigationBar+FlatUI.h"; sourceTree = "<group>"; };
		00CC123318E10B570014099D /* UINavigationBar+FlatUI.m */ = {isa = PBXFileReference; fileEncoding = 4; lastKnownFileType = sourcecode.c.objc; name = "UINavigationBar+FlatUI.m"; path = "FlatUIKit/Classes/ios/UINavigationBar+FlatUI.m"; sourceTree = "<group>"; };
		00CC123418E10B570014099D /* UIPopoverController+FlatUI.h */ = {isa = PBXFileReference; fileEncoding = 4; lastKnownFileType = sourcecode.c.h; name = "UIPopoverController+FlatUI.h"; path = "FlatUIKit/Classes/ios/UIPopoverController+FlatUI.h"; sourceTree = "<group>"; };
		00CC123518E10B570014099D /* UIPopoverController+FlatUI.m */ = {isa = PBXFileReference; fileEncoding = 4; lastKnownFileType = sourcecode.c.objc; name = "UIPopoverController+FlatUI.m"; path = "FlatUIKit/Classes/ios/UIPopoverController+FlatUI.m"; sourceTree = "<group>"; };
		00CC123618E10B570014099D /* UIProgressView+FlatUI.h */ = {isa = PBXFileReference; fileEncoding = 4; lastKnownFileType = sourcecode.c.h; name = "UIProgressView+FlatUI.h"; path = "FlatUIKit/Classes/ios/UIProgressView+FlatUI.h"; sourceTree = "<group>"; };
		00CC123718E10B570014099D /* UIProgressView+FlatUI.m */ = {isa = PBXFileReference; fileEncoding = 4; lastKnownFileType = sourcecode.c.objc; name = "UIProgressView+FlatUI.m"; path = "FlatUIKit/Classes/ios/UIProgressView+FlatUI.m"; sourceTree = "<group>"; };
		00CC123818E10B570014099D /* UISlider+FlatUI.h */ = {isa = PBXFileReference; fileEncoding = 4; lastKnownFileType = sourcecode.c.h; name = "UISlider+FlatUI.h"; path = "FlatUIKit/Classes/ios/UISlider+FlatUI.h"; sourceTree = "<group>"; };
		00CC123918E10B570014099D /* UISlider+FlatUI.m */ = {isa = PBXFileReference; fileEncoding = 4; lastKnownFileType = sourcecode.c.objc; name = "UISlider+FlatUI.m"; path = "FlatUIKit/Classes/ios/UISlider+FlatUI.m"; sourceTree = "<group>"; };
		00CC123A18E10B570014099D /* UIStepper+FlatUI.h */ = {isa = PBXFileReference; fileEncoding = 4; lastKnownFileType = sourcecode.c.h; name = "UIStepper+FlatUI.h"; path = "FlatUIKit/Classes/ios/UIStepper+FlatUI.h"; sourceTree = "<group>"; };
		00CC123B18E10B570014099D /* UIStepper+FlatUI.m */ = {isa = PBXFileReference; fileEncoding = 4; lastKnownFileType = sourcecode.c.objc; name = "UIStepper+FlatUI.m"; path = "FlatUIKit/Classes/ios/UIStepper+FlatUI.m"; sourceTree = "<group>"; };
		00CC123C18E10B570014099D /* UITabBar+FlatUI.h */ = {isa = PBXFileReference; fileEncoding = 4; lastKnownFileType = sourcecode.c.h; name = "UITabBar+FlatUI.h"; path = "FlatUIKit/Classes/ios/UITabBar+FlatUI.h"; sourceTree = "<group>"; };
		00CC123D18E10B570014099D /* UITabBar+FlatUI.m */ = {isa = PBXFileReference; fileEncoding = 4; lastKnownFileType = sourcecode.c.objc; name = "UITabBar+FlatUI.m"; path = "FlatUIKit/Classes/ios/UITabBar+FlatUI.m"; sourceTree = "<group>"; };
		00CC123E18E10B570014099D /* UITableViewCell+FlatUI.h */ = {isa = PBXFileReference; fileEncoding = 4; lastKnownFileType = sourcecode.c.h; name = "UITableViewCell+FlatUI.h"; path = "FlatUIKit/Classes/ios/UITableViewCell+FlatUI.h"; sourceTree = "<group>"; };
		00CC123F18E10B570014099D /* UITableViewCell+FlatUI.m */ = {isa = PBXFileReference; fileEncoding = 4; lastKnownFileType = sourcecode.c.objc; name = "UITableViewCell+FlatUI.m"; path = "FlatUIKit/Classes/ios/UITableViewCell+FlatUI.m"; sourceTree = "<group>"; };
		00CC124018E10B570014099D /* UIToolbar+FlatUI.h */ = {isa = PBXFileReference; fileEncoding = 4; lastKnownFileType = sourcecode.c.h; name = "UIToolbar+FlatUI.h"; path = "FlatUIKit/Classes/ios/UIToolbar+FlatUI.h"; sourceTree = "<group>"; };
		00CC124118E10B570014099D /* UIToolbar+FlatUI.m */ = {isa = PBXFileReference; fileEncoding = 4; lastKnownFileType = sourcecode.c.objc; name = "UIToolbar+FlatUI.m"; path = "FlatUIKit/Classes/ios/UIToolbar+FlatUI.m"; sourceTree = "<group>"; };
		00CC125618E10B930014099D /* Lato-Black.ttf */ = {isa = PBXFileReference; lastKnownFileType = file; name = "Lato-Black.ttf"; path = "FlatUIKit/Resources/Lato-Black.ttf"; sourceTree = "<group>"; };
		00CC125718E10B930014099D /* Lato-BlackItalic.ttf */ = {isa = PBXFileReference; lastKnownFileType = file; name = "Lato-BlackItalic.ttf"; path = "FlatUIKit/Resources/Lato-BlackItalic.ttf"; sourceTree = "<group>"; };
		00CC125818E10B930014099D /* Lato-Bold.ttf */ = {isa = PBXFileReference; lastKnownFileType = file; name = "Lato-Bold.ttf"; path = "FlatUIKit/Resources/Lato-Bold.ttf"; sourceTree = "<group>"; };
		00CC125918E10B930014099D /* Lato-BoldItalic.ttf */ = {isa = PBXFileReference; lastKnownFileType = file; name = "Lato-BoldItalic.ttf"; path = "FlatUIKit/Resources/Lato-BoldItalic.ttf"; sourceTree = "<group>"; };
		00CC125A18E10B930014099D /* Lato-Hairline.ttf */ = {isa = PBXFileReference; lastKnownFileType = file; name = "Lato-Hairline.ttf"; path = "FlatUIKit/Resources/Lato-Hairline.ttf"; sourceTree = "<group>"; };
		00CC125B18E10B930014099D /* Lato-HairlineItalic.ttf */ = {isa = PBXFileReference; lastKnownFileType = file; name = "Lato-HairlineItalic.ttf"; path = "FlatUIKit/Resources/Lato-HairlineItalic.ttf"; sourceTree = "<group>"; };
		00CC125C18E10B930014099D /* Lato-Italic.ttf */ = {isa = PBXFileReference; lastKnownFileType = file; name = "Lato-Italic.ttf"; path = "FlatUIKit/Resources/Lato-Italic.ttf"; sourceTree = "<group>"; };
		00CC125D18E10B930014099D /* Lato-Light.ttf */ = {isa = PBXFileReference; lastKnownFileType = file; name = "Lato-Light.ttf"; path = "FlatUIKit/Resources/Lato-Light.ttf"; sourceTree = "<group>"; };
		00CC125E18E10B930014099D /* Lato-LightItalic.ttf */ = {isa = PBXFileReference; lastKnownFileType = file; name = "Lato-LightItalic.ttf"; path = "FlatUIKit/Resources/Lato-LightItalic.ttf"; sourceTree = "<group>"; };
		00CC125F18E10B930014099D /* Lato-Regular.ttf */ = {isa = PBXFileReference; lastKnownFileType = file; name = "Lato-Regular.ttf"; path = "FlatUIKit/Resources/Lato-Regular.ttf"; sourceTree = "<group>"; };
		00F01EED18B1387400FD23DF /* libsqlite3.dylib */ = {isa = PBXFileReference; lastKnownFileType = "compiled.mach-o.dylib"; name = libsqlite3.dylib; path = usr/lib/libsqlite3.dylib; sourceTree = SDKROOT; };
		00F8C3E018B9054800E01DB6 /* CaptureImagesVC.h */ = {isa = PBXFileReference; fileEncoding = 4; lastKnownFileType = sourcecode.c.h; path = CaptureImagesVC.h; sourceTree = "<group>"; };
		00F8C3E118B9054800E01DB6 /* CaptureImagesVC.mm */ = {isa = PBXFileReference; fileEncoding = 4; lastKnownFileType = sourcecode.cpp.objcpp; path = CaptureImagesVC.mm; sourceTree = "<group>"; };
		00F8C3E318B9129800E01DB6 /* AVFoundation.framework */ = {isa = PBXFileReference; lastKnownFileType = wrapper.framework; name = AVFoundation.framework; path = System/Library/Frameworks/AVFoundation.framework; sourceTree = SDKROOT; };
/* End PBXFileReference section */

/* Begin PBXFrameworksBuildPhase section */
		008F581518A3E1B90012370C /* Frameworks */ = {
			isa = PBXFrameworksBuildPhase;
			buildActionMask = 2147483647;
			files = (
				002DB1AF18C91E0200210BBF /* Accelerate.framework in Frameworks */,
				002DB1B018C91E0200210BBF /* AssetsLibrary.framework in Frameworks */,
				002DB1B118C91E0200210BBF /* CoreImage.framework in Frameworks */,
				002DB1B218C91E0200210BBF /* CoreMedia.framework in Frameworks */,
				002DB1B318C91E0200210BBF /* CoreVideo.framework in Frameworks */,
				002DB1B418C91E0200210BBF /* QuartzCore.framework in Frameworks */,
				008F581E18A3E1B90012370C /* CoreGraphics.framework in Frameworks */,
				00F8C3E418B9129800E01DB6 /* AVFoundation.framework in Frameworks */,
				00F01EEE18B1387400FD23DF /* libsqlite3.dylib in Frameworks */,
				00AD62DF18A92D1900DF72F0 /* opencv2.framework in Frameworks */,
				008F582018A3E1B90012370C /* UIKit.framework in Frameworks */,
				008F581C18A3E1B90012370C /* Foundation.framework in Frameworks */,
			);
			runOnlyForDeploymentPostprocessing = 0;
		};
		008F583918A3E1B90012370C /* Frameworks */ = {
			isa = PBXFrameworksBuildPhase;
			buildActionMask = 2147483647;
			files = (
				008F584018A3E1B90012370C /* UIKit.framework in Frameworks */,
				008F583F18A3E1B90012370C /* Foundation.framework in Frameworks */,
			);
			runOnlyForDeploymentPostprocessing = 0;
		};
/* End PBXFrameworksBuildPhase section */

/* Begin PBXGroup section */
		0001FA0D18D7BB5300968F11 /* Add Student */ = {
			isa = PBXGroup;
			children = (
				00CC120F18E0DA500014099D /* StudentListTVC.h */,
				00CC121018E0DA500014099D /* StudentListTVC.mm */,
				008F583018A3E1B90012370C /* AddStudentVC.h */,
				008F583118A3E1B90012370C /* AddStudentVC.mm */,
				00CC121218E0FBA40014099D /* EditStudentVC.h */,
				00CC121318E0FBA40014099D /* EditStudentVC.m */,
				008D303618E74350008BC864 /* Modal Module */,
				00F8C3E018B9054800E01DB6 /* CaptureImagesVC.h */,
				00F8C3E118B9054800E01DB6 /* CaptureImagesVC.mm */,
			);
			name = "Add Student";
			sourceTree = "<group>";
		};
		0001FA0E18D7BB7000968F11 /* Take Attendance */ = {
			isa = PBXGroup;
			children = (
				008F583318A3E1B90012370C /* TaughtModuleTVC.h */,
				008F583418A3E1B90012370C /* TaughtModuleTVC.m */,
				008D303E18ECDF0F008BC864 /* MonitorOptionsVC.h */,
				008D303F18ECDF0F008BC864 /* MonitorOptionsVC.m */,
				008D304118ED2F4B008BC864 /* ModuleStudentListTVC.h */,
				008D304218ED2F4B008BC864 /* ModuleStudentListTVC.m */,
				001689AD18EDC68F005A8DB9 /* SingleScanVC.h */,
				001689AE18EDC68F005A8DB9 /* SingleScanVC.mm */,
				001689B018EDFC04005A8DB9 /* UploadDataVC.h */,
				001689B118EDFC04005A8DB9 /* UploadDataVC.m */,
			);
			name = "Take Attendance";
			sourceTree = "<group>";
		};
		008D303618E74350008BC864 /* Modal Module */ = {
			isa = PBXGroup;
			children = (
				008D303718E74AFA008BC864 /* SelectModuleTVC.h */,
				008D303818E74AFA008BC864 /* SelectModuleTVC.m */,
				008D303C18EC65F6008BC864 /* SelectModuleTVC.xib */,
			);
			name = "Modal Module";
			sourceTree = "<group>";
		};
		008F580F18A3E1B90012370C = {
			isa = PBXGroup;
			children = (
				008F582118A3E1B90012370C /* Attendance Monitor */,
				008F582218A3E1B90012370C /* Supporting Files */,
				008F584318A3E1B90012370C /* Attendance MonitorTests */,
				008F581A18A3E1B90012370C /* Frameworks */,
				008F581918A3E1B90012370C /* Products */,
				008F585318A3E3BE0012370C /* README.md */,
			);
			sourceTree = "<group>";
		};
		008F581918A3E1B90012370C /* Products */ = {
			isa = PBXGroup;
			children = (
				008F581818A3E1B90012370C /* Attendance Monitor.app */,
				008F583C18A3E1B90012370C /* Attendance MonitorTests.xctest */,
			);
			name = Products;
			sourceTree = "<group>";
		};
		008F581A18A3E1B90012370C /* Frameworks */ = {
			isa = PBXGroup;
			children = (
				00F01EED18B1387400FD23DF /* libsqlite3.dylib */,
				00AD62DE18A92D1900DF72F0 /* opencv2.framework */,
				002DB1A918C91E0200210BBF /* Accelerate.framework */,
				002DB1AA18C91E0200210BBF /* AssetsLibrary.framework */,
				002DB1AB18C91E0200210BBF /* CoreImage.framework */,
				002DB1AC18C91E0200210BBF /* CoreMedia.framework */,
				002DB1AD18C91E0200210BBF /* CoreVideo.framework */,
				002DB1AE18C91E0200210BBF /* QuartzCore.framework */,
				00F8C3E318B9129800E01DB6 /* AVFoundation.framework */,
				008F581B18A3E1B90012370C /* Foundation.framework */,
				008F581D18A3E1B90012370C /* CoreGraphics.framework */,
				008F581F18A3E1B90012370C /* UIKit.framework */,
			);
			name = Frameworks;
			sourceTree = "<group>";
		};
		008F582118A3E1B90012370C /* Attendance Monitor */ = {
			isa = PBXGroup;
			children = (
				008F582A18A3E1B90012370C /* AppDelegate.h */,
				008F582B18A3E1B90012370C /* AppDelegate.m */,
				008F582D18A3E1B90012370C /* Main.storyboard */,
				00AFDE3A18DD250D00056D61 /* FaceAnalyser.hh */,
				00AFDE3B18DD250D00056D61 /* FaceAnalyser.mm */,
				001689B318EE6046005A8DB9 /* LoginVC.h */,
				001689B418EE6046005A8DB9 /* LoginVC.m */,
				0001FA0D18D7BB5300968F11 /* Add Student */,
				0001FA0E18D7BB7000968F11 /* Take Attendance */,
				008F583618A3E1B90012370C /* Images.xcassets */,
				00AFDE3718DD11D100056D61 /* ScanVC.h */,
				00AFDE3818DD11D100056D61 /* ScanVC.mm */,
				00AD62E018AA73A600DF72F0 /* Images */,
			);
			path = "Attendance Monitor";
			sourceTree = "<group>";
		};
		008F582218A3E1B90012370C /* Supporting Files */ = {
			isa = PBXGroup;
			children = (
				0001FA0F18D7E9BA00968F11 /* haarcascade_frontalface_alt.xml */,
				0001FA0B18D7BAF900968F11 /* haarcascade_frontalface_default.xml */,
				008F582318A3E1B90012370C /* Attendance Monitor-Info.plist */,
				008F582418A3E1B90012370C /* InfoPlist.strings */,
				008F582718A3E1B90012370C /* main.m */,
				008F582918A3E1B90012370C /* Attendance Monitor-Prefix.pch */,
				00CC121918E10B2B0014099D /* FlatUIKit */,
			);
			name = "Supporting Files";
			path = "Attendance Monitor";
			sourceTree = "<group>";
		};
		008F584318A3E1B90012370C /* Attendance MonitorTests */ = {
			isa = PBXGroup;
			children = (
				008F584918A3E1B90012370C /* Attendance_MonitorTests.m */,
				008F584418A3E1B90012370C /* Supporting Files */,
			);
			path = "Attendance MonitorTests";
			sourceTree = "<group>";
		};
		008F584418A3E1B90012370C /* Supporting Files */ = {
			isa = PBXGroup;
			children = (
				008F584518A3E1B90012370C /* Attendance MonitorTests-Info.plist */,
				008F584618A3E1B90012370C /* InfoPlist.strings */,
			);
			name = "Supporting Files";
			sourceTree = "<group>";
		};
		00AD62E018AA73A600DF72F0 /* Images */ = {
			isa = PBXGroup;
			children = (
				00CC121518E0FE2C0014099D /* people.png */,
				00CC121618E0FE2C0014099D /* people2x.png */,
				0001FA1118DBBCBB00968F11 /* Overlay-Face.png */,
				0001FA1218DBBCBB00968F11 /* Overlay-NoFace.png */,
				00AD62E918AA7A2700DF72F0 /* add.png */,
				00AD62EA18AA7A2700DF72F0 /* add2x.png */,
				00AD62EB18AA7A2700DF72F0 /* clock.png */,
				00AD62EC18AA7A2700DF72F0 /* clock2x.png */,
			);
			name = Images;
			path = ..;
			sourceTree = "<group>";
		};
		00CC121918E10B2B0014099D /* FlatUIKit */ = {
			isa = PBXGroup;
			children = (
				00CC121A18E10B3D0014099D /* Classes */,
				00CC125518E10B730014099D /* Resources */,
			);
			name = FlatUIKit;
			sourceTree = "<group>";
		};
		00CC121A18E10B3D0014099D /* Classes */ = {
			isa = PBXGroup;
			children = (
				00CC121B18E10B570014099D /* FlatUIKit.h */,
				00CC121C18E10B570014099D /* FUIAlertView.h */,
				00CC121D18E10B570014099D /* FUIAlertView.m */,
				00CC121E18E10B570014099D /* FUIButton.h */,
				00CC121F18E10B570014099D /* FUIButton.m */,
				00CC122018E10B570014099D /* FUICellBackgroundView.h */,
				00CC122118E10B570014099D /* FUICellBackgroundView.m */,
				00CC122218E10B570014099D /* FUIPopoverBackgroundView.h */,
				00CC122318E10B570014099D /* FUIPopoverBackgroundView.m */,
				00CC122418E10B570014099D /* FUISegmentedControl.h */,
				00CC122518E10B570014099D /* FUISegmentedControl.m */,
				00CC122618E10B570014099D /* FUISwitch.h */,
				00CC122718E10B570014099D /* FUISwitch.m */,
				00CC122818E10B570014099D /* FUITextField.h */,
				00CC122918E10B570014099D /* FUITextField.m */,
				00CC122A18E10B570014099D /* UIBarButtonItem+FlatUI.h */,
				00CC122B18E10B570014099D /* UIBarButtonItem+FlatUI.m */,
				00CC122C18E10B570014099D /* UIColor+FlatUI.h */,
				00CC122D18E10B570014099D /* UIColor+FlatUI.m */,
				00CC122E18E10B570014099D /* UIFont+FlatUI.h */,
				00CC122F18E10B570014099D /* UIFont+FlatUI.m */,
				00CC123018E10B570014099D /* UIImage+FlatUI.h */,
				00CC123118E10B570014099D /* UIImage+FlatUI.m */,
				00CC123218E10B570014099D /* UINavigationBar+FlatUI.h */,
				00CC123318E10B570014099D /* UINavigationBar+FlatUI.m */,
				00CC123418E10B570014099D /* UIPopoverController+FlatUI.h */,
				00CC123518E10B570014099D /* UIPopoverController+FlatUI.m */,
				00CC123618E10B570014099D /* UIProgressView+FlatUI.h */,
				00CC123718E10B570014099D /* UIProgressView+FlatUI.m */,
				00CC123818E10B570014099D /* UISlider+FlatUI.h */,
				00CC123918E10B570014099D /* UISlider+FlatUI.m */,
				00CC123A18E10B570014099D /* UIStepper+FlatUI.h */,
				00CC123B18E10B570014099D /* UIStepper+FlatUI.m */,
				00CC123C18E10B570014099D /* UITabBar+FlatUI.h */,
				00CC123D18E10B570014099D /* UITabBar+FlatUI.m */,
				00CC123E18E10B570014099D /* UITableViewCell+FlatUI.h */,
				00CC123F18E10B570014099D /* UITableViewCell+FlatUI.m */,
				00CC124018E10B570014099D /* UIToolbar+FlatUI.h */,
				00CC124118E10B570014099D /* UIToolbar+FlatUI.m */,
			);
			name = Classes;
			sourceTree = "<group>";
		};
		00CC125518E10B730014099D /* Resources */ = {
			isa = PBXGroup;
			children = (
				00CC125618E10B930014099D /* Lato-Black.ttf */,
				00CC125718E10B930014099D /* Lato-BlackItalic.ttf */,
				00CC125818E10B930014099D /* Lato-Bold.ttf */,
				00CC125918E10B930014099D /* Lato-BoldItalic.ttf */,
				00CC125A18E10B930014099D /* Lato-Hairline.ttf */,
				00CC125B18E10B930014099D /* Lato-HairlineItalic.ttf */,
				00CC125C18E10B930014099D /* Lato-Italic.ttf */,
				00CC125D18E10B930014099D /* Lato-Light.ttf */,
				00CC125E18E10B930014099D /* Lato-LightItalic.ttf */,
				00CC125F18E10B930014099D /* Lato-Regular.ttf */,
			);
			name = Resources;
			sourceTree = "<group>";
		};
/* End PBXGroup section */

/* Begin PBXNativeTarget section */
		008F581718A3E1B90012370C /* Attendance Monitor */ = {
			isa = PBXNativeTarget;
			buildConfigurationList = 008F584D18A3E1B90012370C /* Build configuration list for PBXNativeTarget "Attendance Monitor" */;
			buildPhases = (
				008F581418A3E1B90012370C /* Sources */,
				008F581518A3E1B90012370C /* Frameworks */,
				008F581618A3E1B90012370C /* Resources */,
			);
			buildRules = (
			);
			dependencies = (
			);
			name = "Attendance Monitor";
			productName = "Attendance Monitor";
			productReference = 008F581818A3E1B90012370C /* Attendance Monitor.app */;
			productType = "com.apple.product-type.application";
		};
		008F583B18A3E1B90012370C /* Attendance MonitorTests */ = {
			isa = PBXNativeTarget;
			buildConfigurationList = 008F585018A3E1B90012370C /* Build configuration list for PBXNativeTarget "Attendance MonitorTests" */;
			buildPhases = (
				008F583818A3E1B90012370C /* Sources */,
				008F583918A3E1B90012370C /* Frameworks */,
				008F583A18A3E1B90012370C /* Resources */,
			);
			buildRules = (
			);
			dependencies = (
				008F584218A3E1B90012370C /* PBXTargetDependency */,
			);
			name = "Attendance MonitorTests";
			productName = "Attendance MonitorTests";
			productReference = 008F583C18A3E1B90012370C /* Attendance MonitorTests.xctest */;
			productType = "com.apple.product-type.bundle.unit-test";
		};
/* End PBXNativeTarget section */

/* Begin PBXProject section */
		008F581018A3E1B90012370C /* Project object */ = {
			isa = PBXProject;
			attributes = {
				LastUpgradeCheck = 0510;
				ORGANIZATIONNAME = "Myles Ringle";
				TargetAttributes = {
					008F583B18A3E1B90012370C = {
						TestTargetID = 008F581718A3E1B90012370C;
					};
				};
			};
			buildConfigurationList = 008F581318A3E1B90012370C /* Build configuration list for PBXProject "Attendance Monitor" */;
			compatibilityVersion = "Xcode 3.2";
			developmentRegion = English;
			hasScannedForEncodings = 0;
			knownRegions = (
				en,
				Base,
			);
			mainGroup = 008F580F18A3E1B90012370C;
			productRefGroup = 008F581918A3E1B90012370C /* Products */;
			projectDirPath = "";
			projectRoot = "";
			targets = (
				008F581718A3E1B90012370C /* Attendance Monitor */,
				008F583B18A3E1B90012370C /* Attendance MonitorTests */,
			);
		};
/* End PBXProject section */

/* Begin PBXResourcesBuildPhase section */
		008F581618A3E1B90012370C /* Resources */ = {
			isa = PBXResourcesBuildPhase;
			buildActionMask = 2147483647;
			files = (
				00CC126118E10B930014099D /* Lato-BlackItalic.ttf in Resources */,
				00CC126618E10B930014099D /* Lato-Italic.ttf in Resources */,
				00CC126418E10B930014099D /* Lato-Hairline.ttf in Resources */,
				00CC126718E10B930014099D /* Lato-Light.ttf in Resources */,
				00CC126518E10B930014099D /* Lato-HairlineItalic.ttf in Resources */,
				0001FA1418DBBCBB00968F11 /* Overlay-NoFace.png in Resources */,
				0001FA1018D7E9BA00968F11 /* haarcascade_frontalface_alt.xml in Resources */,
				00CC126318E10B930014099D /* Lato-BoldItalic.ttf in Resources */,
				00CC121818E0FE2C0014099D /* people2x.png in Resources */,
				008D303D18EC65F6008BC864 /* SelectModuleTVC.xib in Resources */,
				008F583718A3E1B90012370C /* Images.xcassets in Resources */,
				0001FA0C18D7BAF900968F11 /* haarcascade_frontalface_default.xml in Resources */,
				008F582618A3E1B90012370C /* InfoPlist.strings in Resources */,
				008F585418A3E3BE0012370C /* README.md in Resources */,
				0001FA1318DBBCBB00968F11 /* Overlay-Face.png in Resources */,
				00AD62ED18AA7A2700DF72F0 /* add.png in Resources */,
				00AD62F018AA7A2700DF72F0 /* clock2x.png in Resources */,
				00CC126218E10B930014099D /* Lato-Bold.ttf in Resources */,
				008F582F18A3E1B90012370C /* Main.storyboard in Resources */,
				00CC121718E0FE2C0014099D /* people.png in Resources */,
				00CC126918E10B930014099D /* Lato-Regular.ttf in Resources */,
				00CC126818E10B930014099D /* Lato-LightItalic.ttf in Resources */,
				00AD62EF18AA7A2700DF72F0 /* clock.png in Resources */,
				00CC126018E10B930014099D /* Lato-Black.ttf in Resources */,
				00AD62EE18AA7A2700DF72F0 /* add2x.png in Resources */,
			);
			runOnlyForDeploymentPostprocessing = 0;
		};
		008F583A18A3E1B90012370C /* Resources */ = {
			isa = PBXResourcesBuildPhase;
			buildActionMask = 2147483647;
			files = (
				008F584818A3E1B90012370C /* InfoPlist.strings in Resources */,
			);
			runOnlyForDeploymentPostprocessing = 0;
		};
/* End PBXResourcesBuildPhase section */

/* Begin PBXSourcesBuildPhase section */
		008F581418A3E1B90012370C /* Sources */ = {
			isa = PBXSourcesBuildPhase;
			buildActionMask = 2147483647;
			files = (
				008D304018ECDF0F008BC864 /* MonitorOptionsVC.m in Sources */,
				00CC124218E10B570014099D /* FUIAlertView.m in Sources */,
				00F8C3E218B9054800E01DB6 /* CaptureImagesVC.mm in Sources */,
				008F583518A3E1B90012370C /* TaughtModuleTVC.m in Sources */,
				00CC125318E10B570014099D /* UITableViewCell+FlatUI.m in Sources */,
				001689AF18EDC68F005A8DB9 /* SingleScanVC.mm in Sources */,
				00CC124618E10B570014099D /* FUISegmentedControl.m in Sources */,
				00AFDE3C18DD250D00056D61 /* FaceAnalyser.mm in Sources */,
				00CC124718E10B570014099D /* FUISwitch.m in Sources */,
				00CC124818E10B570014099D /* FUITextField.m in Sources */,
				00CC121418E0FBA40014099D /* EditStudentVC.m in Sources */,
				00CC124518E10B570014099D /* FUIPopoverBackgroundView.m in Sources */,
				00CC124F18E10B570014099D /* UIProgressView+FlatUI.m in Sources */,
				00CC121118E0DA500014099D /* StudentListTVC.mm in Sources */,
				008F582C18A3E1B90012370C /* AppDelegate.m in Sources */,
				00AFDE3918DD11D100056D61 /* ScanVC.mm in Sources */,
				00CC125018E10B570014099D /* UISlider+FlatUI.m in Sources */,
				00CC124C18E10B570014099D /* UIImage+FlatUI.m in Sources */,
				00CC124B18E10B570014099D /* UIFont+FlatUI.m in Sources */,
				008D303A18E74AFA008BC864 /* SelectModuleTVC.m in Sources */,
				00CC124D18E10B570014099D /* UINavigationBar+FlatUI.m in Sources */,
				00CC125418E10B570014099D /* UIToolbar+FlatUI.m in Sources */,
				001689B518EE6046005A8DB9 /* LoginVC.m in Sources */,
				008F583218A3E1B90012370C /* AddStudentVC.mm in Sources */,
				00CC124E18E10B570014099D /* UIPopoverController+FlatUI.m in Sources */,
				001689B218EDFC04005A8DB9 /* UploadDataVC.m in Sources */,
				00CC124418E10B570014099D /* FUICellBackgroundView.m in Sources */,
				00CC125218E10B570014099D /* UITabBar+FlatUI.m in Sources */,
				00CC124A18E10B570014099D /* UIColor+FlatUI.m in Sources */,
				00CC124918E10B570014099D /* UIBarButtonItem+FlatUI.m in Sources */,
				008F582818A3E1B90012370C /* main.m in Sources */,
				00CC124318E10B570014099D /* FUIButton.m in Sources */,
				008D304318ED2F4B008BC864 /* ModuleStudentListTVC.m in Sources */,
				00CC125118E10B570014099D /* UIStepper+FlatUI.m in Sources */,
			);
			runOnlyForDeploymentPostprocessing = 0;
		};
		008F583818A3E1B90012370C /* Sources */ = {
			isa = PBXSourcesBuildPhase;
			buildActionMask = 2147483647;
			files = (
				008F584A18A3E1B90012370C /* Attendance_MonitorTests.m in Sources */,
			);
			runOnlyForDeploymentPostprocessing = 0;
		};
/* End PBXSourcesBuildPhase section */

/* Begin PBXTargetDependency section */
		008F584218A3E1B90012370C /* PBXTargetDependency */ = {
			isa = PBXTargetDependency;
			target = 008F581718A3E1B90012370C /* Attendance Monitor */;
			targetProxy = 008F584118A3E1B90012370C /* PBXContainerItemProxy */;
		};
/* End PBXTargetDependency section */

/* Begin PBXVariantGroup section */
		008F582418A3E1B90012370C /* InfoPlist.strings */ = {
			isa = PBXVariantGroup;
			children = (
				008F582518A3E1B90012370C /* en */,
			);
			name = InfoPlist.strings;
			sourceTree = "<group>";
		};
		008F582D18A3E1B90012370C /* Main.storyboard */ = {
			isa = PBXVariantGroup;
			children = (
				008F582E18A3E1B90012370C /* Base */,
			);
			name = Main.storyboard;
			sourceTree = "<group>";
		};
		008F584618A3E1B90012370C /* InfoPlist.strings */ = {
			isa = PBXVariantGroup;
			children = (
				008F584718A3E1B90012370C /* en */,
			);
			name = InfoPlist.strings;
			sourceTree = "<group>";
		};
/* End PBXVariantGroup section */

/* Begin XCBuildConfiguration section */
		008F584B18A3E1B90012370C /* Debug */ = {
			isa = XCBuildConfiguration;
			buildSettings = {
				ALWAYS_SEARCH_USER_PATHS = NO;
				CLANG_CXX_LANGUAGE_STANDARD = "gnu++0x";
				CLANG_CXX_LIBRARY = "libc++";
				CLANG_ENABLE_MODULES = YES;
				CLANG_ENABLE_OBJC_ARC = YES;
				CLANG_WARN_BOOL_CONVERSION = YES;
				CLANG_WARN_CONSTANT_CONVERSION = YES;
				CLANG_WARN_DIRECT_OBJC_ISA_USAGE = YES_ERROR;
				CLANG_WARN_EMPTY_BODY = YES;
				CLANG_WARN_ENUM_CONVERSION = YES;
				CLANG_WARN_INT_CONVERSION = YES;
				CLANG_WARN_OBJC_ROOT_CLASS = YES_ERROR;
				CLANG_WARN__DUPLICATE_METHOD_MATCH = YES;
				"CODE_SIGN_IDENTITY[sdk=iphoneos*]" = "iPhone Developer";
				COPY_PHASE_STRIP = NO;
				GCC_C_LANGUAGE_STANDARD = gnu99;
				GCC_DYNAMIC_NO_PIC = NO;
				GCC_OPTIMIZATION_LEVEL = 0;
				GCC_PREPROCESSOR_DEFINITIONS = (
					"DEBUG=1",
					"$(inherited)",
				);
				GCC_SYMBOLS_PRIVATE_EXTERN = NO;
				GCC_WARN_64_TO_32_BIT_CONVERSION = YES;
				GCC_WARN_ABOUT_RETURN_TYPE = YES_ERROR;
				GCC_WARN_UNDECLARED_SELECTOR = YES;
				GCC_WARN_UNINITIALIZED_AUTOS = YES;
				GCC_WARN_UNUSED_FUNCTION = YES;
				GCC_WARN_UNUSED_VARIABLE = YES;
				IPHONEOS_DEPLOYMENT_TARGET = 7.1;
				ONLY_ACTIVE_ARCH = YES;
				SDKROOT = iphoneos;
			};
			name = Debug;
		};
		008F584C18A3E1B90012370C /* Release */ = {
			isa = XCBuildConfiguration;
			buildSettings = {
				ALWAYS_SEARCH_USER_PATHS = NO;
				CLANG_CXX_LANGUAGE_STANDARD = "gnu++0x";
				CLANG_CXX_LIBRARY = "libc++";
				CLANG_ENABLE_MODULES = YES;
				CLANG_ENABLE_OBJC_ARC = YES;
				CLANG_WARN_BOOL_CONVERSION = YES;
				CLANG_WARN_CONSTANT_CONVERSION = YES;
				CLANG_WARN_DIRECT_OBJC_ISA_USAGE = YES_ERROR;
				CLANG_WARN_EMPTY_BODY = YES;
				CLANG_WARN_ENUM_CONVERSION = YES;
				CLANG_WARN_INT_CONVERSION = YES;
				CLANG_WARN_OBJC_ROOT_CLASS = YES_ERROR;
				CLANG_WARN__DUPLICATE_METHOD_MATCH = YES;
				"CODE_SIGN_IDENTITY[sdk=iphoneos*]" = "iPhone Developer";
				COPY_PHASE_STRIP = YES;
				ENABLE_NS_ASSERTIONS = NO;
				GCC_C_LANGUAGE_STANDARD = gnu99;
				GCC_WARN_64_TO_32_BIT_CONVERSION = YES;
				GCC_WARN_ABOUT_RETURN_TYPE = YES_ERROR;
				GCC_WARN_UNDECLARED_SELECTOR = YES;
				GCC_WARN_UNINITIALIZED_AUTOS = YES;
				GCC_WARN_UNUSED_FUNCTION = YES;
				GCC_WARN_UNUSED_VARIABLE = YES;
				IPHONEOS_DEPLOYMENT_TARGET = 7.1;
				SDKROOT = iphoneos;
				VALIDATE_PRODUCT = YES;
			};
			name = Release;
		};
		008F584E18A3E1B90012370C /* Debug */ = {
			isa = XCBuildConfiguration;
			buildSettings = {
				ASSETCATALOG_COMPILER_APPICON_NAME = AppIcon;
				ASSETCATALOG_COMPILER_LAUNCHIMAGE_NAME = LaunchImage;
				FRAMEWORK_SEARCH_PATHS = (
					"$(inherited)",
					"/Users/myles/Documents/Uni\\ Work/Year\\ 3/Comp\\ 395\\ -\\ Project/App/Attendance\\ Monitor/Attendance\\ Monitor/Frameworks",
				);
				GCC_PRECOMPILE_PREFIX_HEADER = YES;
				GCC_PREFIX_HEADER = "Attendance Monitor/Attendance Monitor-Prefix.pch";
				INFOPLIST_FILE = "Attendance Monitor/Attendance Monitor-Info.plist";
				IPHONEOS_DEPLOYMENT_TARGET = 7.1;
				PRODUCT_NAME = "$(TARGET_NAME)";
				WRAPPER_EXTENSION = app;
			};
			name = Debug;
		};
		008F584F18A3E1B90012370C /* Release */ = {
			isa = XCBuildConfiguration;
			buildSettings = {
				ASSETCATALOG_COMPILER_APPICON_NAME = AppIcon;
				ASSETCATALOG_COMPILER_LAUNCHIMAGE_NAME = LaunchImage;
				FRAMEWORK_SEARCH_PATHS = (
					"$(inherited)",
					"/Users/myles/Documents/Uni\\ Work/Year\\ 3/Comp\\ 395\\ -\\ Project/App/Attendance\\ Monitor/Attendance\\ Monitor/Frameworks",
				);
				GCC_PRECOMPILE_PREFIX_HEADER = YES;
				GCC_PREFIX_HEADER = "Attendance Monitor/Attendance Monitor-Prefix.pch";
				INFOPLIST_FILE = "Attendance Monitor/Attendance Monitor-Info.plist";
				IPHONEOS_DEPLOYMENT_TARGET = 7.1;
				PRODUCT_NAME = "$(TARGET_NAME)";
				WRAPPER_EXTENSION = app;
			};
			name = Release;
		};
		008F585118A3E1B90012370C /* Debug */ = {
			isa = XCBuildConfiguration;
			buildSettings = {
				BUNDLE_LOADER = "$(BUILT_PRODUCTS_DIR)/Attendance Monitor.app/Attendance Monitor";
				FRAMEWORK_SEARCH_PATHS = (
					"$(SDKROOT)/Developer/Library/Frameworks",
					"$(inherited)",
					"$(DEVELOPER_FRAMEWORKS_DIR)",
				);
				GCC_PRECOMPILE_PREFIX_HEADER = YES;
				GCC_PREFIX_HEADER = "Attendance Monitor/Attendance Monitor-Prefix.pch";
				GCC_PREPROCESSOR_DEFINITIONS = (
					"DEBUG=1",
					"$(inherited)",
				);
				INFOPLIST_FILE = "Attendance MonitorTests/Attendance MonitorTests-Info.plist";
				PRODUCT_NAME = "$(TARGET_NAME)";
				TEST_HOST = "$(BUNDLE_LOADER)";
				WRAPPER_EXTENSION = xctest;
			};
			name = Debug;
		};
		008F585218A3E1B90012370C /* Release */ = {
			isa = XCBuildConfiguration;
			buildSettings = {
				BUNDLE_LOADER = "$(BUILT_PRODUCTS_DIR)/Attendance Monitor.app/Attendance Monitor";
				FRAMEWORK_SEARCH_PATHS = (
					"$(SDKROOT)/Developer/Library/Frameworks",
					"$(inherited)",
					"$(DEVELOPER_FRAMEWORKS_DIR)",
				);
				GCC_PRECOMPILE_PREFIX_HEADER = YES;
				GCC_PREFIX_HEADER = "Attendance Monitor/Attendance Monitor-Prefix.pch";
				INFOPLIST_FILE = "Attendance MonitorTests/Attendance MonitorTests-Info.plist";
				PRODUCT_NAME = "$(TARGET_NAME)";
				TEST_HOST = "$(BUNDLE_LOADER)";
				WRAPPER_EXTENSION = xctest;
			};
			name = Release;
		};
/* End XCBuildConfiguration section */

/* Begin XCConfigurationList section */
		008F581318A3E1B90012370C /* Build configuration list for PBXProject "Attendance Monitor" */ = {
			isa = XCConfigurationList;
			buildConfigurations = (
				008F584B18A3E1B90012370C /* Debug */,
				008F584C18A3E1B90012370C /* Release */,
			);
			defaultConfigurationIsVisible = 0;
			defaultConfigurationName = Release;
		};
		008F584D18A3E1B90012370C /* Build configuration list for PBXNativeTarget "Attendance Monitor" */ = {
			isa = XCConfigurationList;
			buildConfigurations = (
				008F584E18A3E1B90012370C /* Debug */,
				008F584F18A3E1B90012370C /* Release */,
			);
			defaultConfigurationIsVisible = 0;
			defaultConfigurationName = Release;
		};
		008F585018A3E1B90012370C /* Build configuration list for PBXNativeTarget "Attendance MonitorTests" */ = {
			isa = XCConfigurationList;
			buildConfigurations = (
				008F585118A3E1B90012370C /* Debug */,
				008F585218A3E1B90012370C /* Release */,
			);
			defaultConfigurationIsVisible = 0;
			defaultConfigurationName = Release;
		};
/* End XCConfigurationList section */
	};
	rootObject = 008F581018A3E1B90012370C /* Project object */;
}
